
Microsoft Visual Studio Solution File, Format Version 12.00
# Visual Studio Version 16
VisualStudioVersion = 16.0.30011.22
MinimumVisualStudioVersion = 10.0.40219.1
Project("{FAE04EC0-301F-11D3-BF4B-00C04F79EFBC}") = "Dobókocka", "Dobókocka\Dobókocka.csproj", "{34214E00-2043-4242-A83C-7556C647389C}"
EndProject
Global
	GlobalSection(SolutionConfigurationPlatforms) = preSolution
		Debug|Any CPU = Debug|Any CPU
		Release|Any CPU = Release|Any CPU
	EndGlobalSection
	GlobalSection(ProjectConfigurationPlatforms) = postSolution
		{34214E00-2043-4242-A83C-7556C647389C}.Debug|Any CPU.ActiveCfg = Debug|Any CPU
		{34214E00-2043-4242-A83C-7556C647389C}.Debug|Any CPU.Build.0 = Debug|Any CPU
		{34214E00-2043-4242-A83C-7556C647389C}.Release|Any CPU.ActiveCfg = Release|Any CPU
		{34214E00-2043-4242-A83C-7556C647389C}.Release|Any CPU.Build.0 = Release|Any CPU
	EndGlobalSection
	GlobalSection(SolutionProperties) = preSolution
		HideSolutionNode = FALSE
	EndGlobalSection
	GlobalSection(ExtensibilityGlobals) = postSolution
		SolutionGuid = {3B497DA3-5953-43A5-88A4-F09CF2AFA8C1}
	EndGlobalSection
EndGlobal
